
Microsoft Visual Studio Solution File, Format Version 12.00
# Visual Studio Version 17
VisualStudioVersion = 17.8.34408.163
MinimumVisualStudioVersion = 10.0.40219.1
Project("{9A19103F-16F7-4668-BE54-9A1E7A4F7556}") = "EasyReasy", "EasyReasy\EasyReasy.csproj", "{067D7CE5-57AE-4A6C-9285-A89F6871D203}"
EndProject
Project("{9A19103F-16F7-4668-BE54-9A1E7A4F7556}") = "EasyReasy.Tests", "EasyReasy.Tests\EasyReasy.Tests.csproj", "{93AEF8D3-0B68-44D9-9418-CB7DFB0F7482}"
EndProject
Project("{9A19103F-16F7-4668-BE54-9A1E7A4F7556}") = "EasyReasy.ByteShelfProvider", "EasyReasy.ByteShelfProvider\EasyReasy.ByteShelfProvider.csproj", "{A034A38E-521A-4B8A-92A1-E301FA5D8C4C}"
EndProject
Project("{9A19103F-16F7-4668-BE54-9A1E7A4F7556}") = "EasyReasy.ByteShelfProvider.Tests", "EasyReasy.ByteShelfProvider.Tests\EasyReasy.ByteShelfProvider.Tests.csproj", "{A0DFA467-4985-485B-A2F9-FB6D70AA8258}"
EndProject
Project("{9A19103F-16F7-4668-BE54-9A1E7A4F7556}") = "EasyReasy.EnvironmentVariables", "EasyReasy.EnvironmentVariables\EasyReasy.EnvironmentVariables.csproj", "{AAD31B7E-29BD-42A5-B12D-83E9CCBEC7F2}"
EndProject
Project("{9A19103F-16F7-4668-BE54-9A1E7A4F7556}") = "EasyReasy.EnvironmentVariables.Tests", "EasyReasy.EnvironmentVariables.Tests\EasyReasy.EnvironmentVariables.Tests.csproj", "{B196BD11-36E6-4AC3-93EB-A371C27F182E}"
EndProject
Project("{9A19103F-16F7-4668-BE54-9A1E7A4F7556}") = "EasyReasy.Auth", "EasyReasy.Auth\EasyReasy.Auth.csproj", "{259F020F-8E6A-490C-8A89-023E85B9B986}"
EndProject
Project("{9A19103F-16F7-4668-BE54-9A1E7A4F7556}") = "EasyReasy.Auth.Tests", "EasyReasy.Auth.Tests\EasyReasy.Auth.Tests.csproj", "{8F761197-B6E7-4118-8469-FBFC9487A658}"
EndProject
Project("{FAE04EC0-301F-11D3-BF4B-00C04F79EFBC}") = "EasyReasy.VectorStorage", "EasyReasy.VectorStorage\EasyReasy.VectorStorage.csproj", "{3B545E2A-A821-4DE9-9D20-C922C191B306}"
EndProject
Project("{FAE04EC0-301F-11D3-BF4B-00C04F79EFBC}") = "EasyReasy.VectorStorage.Tests", "EasyReasy.VectorStorage.Tests\EasyReasy.VectorStorage.Tests.csproj", "{D2EA13C4-9644-412B-8353-C53E11334E32}"
EndProject
Project("{FAE04EC0-301F-11D3-BF4B-00C04F79EFBC}") = "EasyReasy.Auth.Client", "EasyReasy.Auth.Client\EasyReasy.Auth.Client.csproj", "{A9D59EAC-53D7-4433-BE4D-30B9C9253E8F}"
EndProject
Project("{FAE04EC0-301F-11D3-BF4B-00C04F79EFBC}") = "EasyReasy.Auth.Client.Tests", "EasyReasy.Auth.Client.Tests\EasyReasy.Auth.Client.Tests.csproj", "{293AA1B4-E783-41A3-8FE5-86D8D3C03F59}"
EndProject
Project("{FAE04EC0-301F-11D3-BF4B-00C04F79EFBC}") = "EasyReasy.KnowledgeBase", "EasyReasy.KnowledgeBase\EasyReasy.KnowledgeBase.csproj", "{35DA6BDE-DCF6-4257-809A-EC99E35C7704}"
EndProject
Project("{FAE04EC0-301F-11D3-BF4B-00C04F79EFBC}") = "EasyReasy.KnowledgeBase.Tests", "EasyReasy.KnowledgeBase.Tests\EasyReasy.KnowledgeBase.Tests.csproj", "{E513921E-51D1-4C34-B28C-60D33B6152F9}"
EndProject
Project("{FAE04EC0-301F-11D3-BF4B-00C04F79EFBC}") = "EasyReasy.KnowledgeBase.BertTokenization", "EasyReasy.KnowledgeBase.BertTokenization\EasyReasy.KnowledgeBase.BertTokenization.csproj", "{040049AA-F860-433A-9459-7CC96C5FD771}"
EndProject
Project("{FAE04EC0-301F-11D3-BF4B-00C04F79EFBC}") = "EasyReasy.KnowledgeBase.BertTokenization.Tests", "EasyReasy.KnowledgeBase.BertTokenization.Tests\EasyReasy.KnowledgeBase.BertTokenization.Tests.csproj", "{F8CE4344-CBF1-4BAC-A0CB-A636F3E4C999}"
EndProject
Project("{FAE04EC0-301F-11D3-BF4B-00C04F79EFBC}") = "EasyReasy.KnowledgeBase.OllamaGeneration", "EasyReasy.KnowledgeBase.OllamaGeneration\EasyReasy.KnowledgeBase.OllamaGeneration.csproj", "{FB94084C-6704-433C-B1C1-D2E07DB8E0A3}"
EndProject
Project("{FAE04EC0-301F-11D3-BF4B-00C04F79EFBC}") = "EasyReasy.KnowledgeBase.OllamaGeneration.Tests", "EasyReasy.KnowledgeBase.OllamaGeneration.Tests\EasyReasy.KnowledgeBase.OllamaGeneration.Tests.csproj", "{22CBEE76-A8A6-433B-B663-5B897864DB35}"
EndProject
Project("{FAE04EC0-301F-11D3-BF4B-00C04F79EFBC}") = "EasyReasy.KnowledgeBase.Storage.FileSystem", "EasyReasy.KnowledgeBase.Storage.FileSystem\EasyReasy.KnowledgeBase.Storage.FileSystem.csproj", "{CA318E8B-B569-4DBE-BC2C-128AD6AE462F}"
EndProject
Project("{FAE04EC0-301F-11D3-BF4B-00C04F79EFBC}") = "EasyReasy.KnowledgeBase.Storage.Sqlite", "EasyReasy.KnowledgeBase.Storage.Sqlite\EasyReasy.KnowledgeBase.Storage.Sqlite.csproj", "{9D51795E-005A-4990-969C-CAF2242D16AE}"
EndProject
Project("{FAE04EC0-301F-11D3-BF4B-00C04F79EFBC}") = "EasyReasy.KnowledgeBase.Storage.Sqlite.Tests", "EasyReasy.KnowledgeBase.Storage.Sqlite.Tests\EasyReasy.KnowledgeBase.Storage.Sqlite.Tests.csproj", "{A2B7D037-FB01-44A8-8DE1-710625A61048}"
EndProject
Project("{FAE04EC0-301F-11D3-BF4B-00C04F79EFBC}") = "EasyReasy.KnowledgeBase.Storage.IntegratedVectorStore", "EasyReasy.KnowledgeBase.Storage.IntegratedVectorStore\EasyReasy.KnowledgeBase.Storage.IntegratedVectorStore.csproj", "{3A29AB19-84AE-45FD-9B31-452B4C45896B}"
EndProject
Global
	GlobalSection(SolutionConfigurationPlatforms) = preSolution
		Debug|Any CPU = Debug|Any CPU
		Release|Any CPU = Release|Any CPU
	EndGlobalSection
	GlobalSection(ProjectConfigurationPlatforms) = postSolution
		{067D7CE5-57AE-4A6C-9285-A89F6871D203}.Debug|Any CPU.ActiveCfg = Debug|Any CPU
		{067D7CE5-57AE-4A6C-9285-A89F6871D203}.Debug|Any CPU.Build.0 = Debug|Any CPU
		{067D7CE5-57AE-4A6C-9285-A89F6871D203}.Release|Any CPU.ActiveCfg = Release|Any CPU
		{067D7CE5-57AE-4A6C-9285-A89F6871D203}.Release|Any CPU.Build.0 = Release|Any CPU
		{93AEF8D3-0B68-44D9-9418-CB7DFB0F7482}.Debug|Any CPU.ActiveCfg = Debug|Any CPU
		{93AEF8D3-0B68-44D9-9418-CB7DFB0F7482}.Debug|Any CPU.Build.0 = Debug|Any CPU
		{93AEF8D3-0B68-44D9-9418-CB7DFB0F7482}.Release|Any CPU.ActiveCfg = Release|Any CPU
		{93AEF8D3-0B68-44D9-9418-CB7DFB0F7482}.Release|Any CPU.Build.0 = Release|Any CPU
		{A034A38E-521A-4B8A-92A1-E301FA5D8C4C}.Debug|Any CPU.ActiveCfg = Debug|Any CPU
		{A034A38E-521A-4B8A-92A1-E301FA5D8C4C}.Debug|Any CPU.Build.0 = Debug|Any CPU
		{A034A38E-521A-4B8A-92A1-E301FA5D8C4C}.Release|Any CPU.ActiveCfg = Release|Any CPU
		{A034A38E-521A-4B8A-92A1-E301FA5D8C4C}.Release|Any CPU.Build.0 = Release|Any CPU
		{A0DFA467-4985-485B-A2F9-FB6D70AA8258}.Debug|Any CPU.ActiveCfg = Debug|Any CPU
		{A0DFA467-4985-485B-A2F9-FB6D70AA8258}.Debug|Any CPU.Build.0 = Debug|Any CPU
		{A0DFA467-4985-485B-A2F9-FB6D70AA8258}.Release|Any CPU.ActiveCfg = Release|Any CPU
		{A0DFA467-4985-485B-A2F9-FB6D70AA8258}.Release|Any CPU.Build.0 = Release|Any CPU
		{AAD31B7E-29BD-42A5-B12D-83E9CCBEC7F2}.Debug|Any CPU.ActiveCfg = Debug|Any CPU
		{AAD31B7E-29BD-42A5-B12D-83E9CCBEC7F2}.Debug|Any CPU.Build.0 = Debug|Any CPU
		{AAD31B7E-29BD-42A5-B12D-83E9CCBEC7F2}.Release|Any CPU.ActiveCfg = Release|Any CPU
		{AAD31B7E-29BD-42A5-B12D-83E9CCBEC7F2}.Release|Any CPU.Build.0 = Release|Any CPU
		{B196BD11-36E6-4AC3-93EB-A371C27F182E}.Debug|Any CPU.ActiveCfg = Debug|Any CPU
		{B196BD11-36E6-4AC3-93EB-A371C27F182E}.Debug|Any CPU.Build.0 = Debug|Any CPU
		{B196BD11-36E6-4AC3-93EB-A371C27F182E}.Release|Any CPU.ActiveCfg = Release|Any CPU
		{B196BD11-36E6-4AC3-93EB-A371C27F182E}.Release|Any CPU.Build.0 = Release|Any CPU
		{259F020F-8E6A-490C-8A89-023E85B9B986}.Debug|Any CPU.ActiveCfg = Debug|Any CPU
		{259F020F-8E6A-490C-8A89-023E85B9B986}.Debug|Any CPU.Build.0 = Debug|Any CPU
		{259F020F-8E6A-490C-8A89-023E85B9B986}.Release|Any CPU.ActiveCfg = Release|Any CPU
		{259F020F-8E6A-490C-8A89-023E85B9B986}.Release|Any CPU.Build.0 = Release|Any CPU
		{8F761197-B6E7-4118-8469-FBFC9487A658}.Debug|Any CPU.ActiveCfg = Debug|Any CPU
		{8F761197-B6E7-4118-8469-FBFC9487A658}.Debug|Any CPU.Build.0 = Debug|Any CPU
		{8F761197-B6E7-4118-8469-FBFC9487A658}.Release|Any CPU.ActiveCfg = Release|Any CPU
		{8F761197-B6E7-4118-8469-FBFC9487A658}.Release|Any CPU.Build.0 = Release|Any CPU
		{3B545E2A-A821-4DE9-9D20-C922C191B306}.Debug|Any CPU.ActiveCfg = Debug|Any CPU
		{3B545E2A-A821-4DE9-9D20-C922C191B306}.Debug|Any CPU.Build.0 = Debug|Any CPU
		{3B545E2A-A821-4DE9-9D20-C922C191B306}.Release|Any CPU.ActiveCfg = Release|Any CPU
		{3B545E2A-A821-4DE9-9D20-C922C191B306}.Release|Any CPU.Build.0 = Release|Any CPU
		{D2EA13C4-9644-412B-8353-C53E11334E32}.Debug|Any CPU.ActiveCfg = Debug|Any CPU
		{D2EA13C4-9644-412B-8353-C53E11334E32}.Debug|Any CPU.Build.0 = Debug|Any CPU
		{D2EA13C4-9644-412B-8353-C53E11334E32}.Release|Any CPU.ActiveCfg = Release|Any CPU
		{D2EA13C4-9644-412B-8353-C53E11334E32}.Release|Any CPU.Build.0 = Release|Any CPU
		{A9D59EAC-53D7-4433-BE4D-30B9C9253E8F}.Debug|Any CPU.ActiveCfg = Debug|Any CPU
		{A9D59EAC-53D7-4433-BE4D-30B9C9253E8F}.Debug|Any CPU.Build.0 = Debug|Any CPU
		{A9D59EAC-53D7-4433-BE4D-30B9C9253E8F}.Release|Any CPU.ActiveCfg = Release|Any CPU
		{A9D59EAC-53D7-4433-BE4D-30B9C9253E8F}.Release|Any CPU.Build.0 = Release|Any CPU
		{293AA1B4-E783-41A3-8FE5-86D8D3C03F59}.Debug|Any CPU.ActiveCfg = Debug|Any CPU
		{293AA1B4-E783-41A3-8FE5-86D8D3C03F59}.Debug|Any CPU.Build.0 = Debug|Any CPU
		{293AA1B4-E783-41A3-8FE5-86D8D3C03F59}.Release|Any CPU.ActiveCfg = Release|Any CPU
		{293AA1B4-E783-41A3-8FE5-86D8D3C03F59}.Release|Any CPU.Build.0 = Release|Any CPU
		{35DA6BDE-DCF6-4257-809A-EC99E35C7704}.Debug|Any CPU.ActiveCfg = Debug|Any CPU
		{35DA6BDE-DCF6-4257-809A-EC99E35C7704}.Debug|Any CPU.Build.0 = Debug|Any CPU
		{35DA6BDE-DCF6-4257-809A-EC99E35C7704}.Release|Any CPU.ActiveCfg = Release|Any CPU
		{35DA6BDE-DCF6-4257-809A-EC99E35C7704}.Release|Any CPU.Build.0 = Release|Any CPU
		{E513921E-51D1-4C34-B28C-60D33B6152F9}.Debug|Any CPU.ActiveCfg = Debug|Any CPU
		{E513921E-51D1-4C34-B28C-60D33B6152F9}.Debug|Any CPU.Build.0 = Debug|Any CPU
		{E513921E-51D1-4C34-B28C-60D33B6152F9}.Release|Any CPU.ActiveCfg = Release|Any CPU
		{E513921E-51D1-4C34-B28C-60D33B6152F9}.Release|Any CPU.Build.0 = Release|Any CPU
		{040049AA-F860-433A-9459-7CC96C5FD771}.Debug|Any CPU.ActiveCfg = Debug|Any CPU
		{040049AA-F860-433A-9459-7CC96C5FD771}.Debug|Any CPU.Build.0 = Debug|Any CPU
		{040049AA-F860-433A-9459-7CC96C5FD771}.Release|Any CPU.ActiveCfg = Release|Any CPU
		{040049AA-F860-433A-9459-7CC96C5FD771}.Release|Any CPU.Build.0 = Release|Any CPU
		{F8CE4344-CBF1-4BAC-A0CB-A636F3E4C999}.Debug|Any CPU.ActiveCfg = Debug|Any CPU
		{F8CE4344-CBF1-4BAC-A0CB-A636F3E4C999}.Debug|Any CPU.Build.0 = Debug|Any CPU
		{F8CE4344-CBF1-4BAC-A0CB-A636F3E4C999}.Release|Any CPU.ActiveCfg = Release|Any CPU
		{F8CE4344-CBF1-4BAC-A0CB-A636F3E4C999}.Release|Any CPU.Build.0 = Release|Any CPU
		{FB94084C-6704-433C-B1C1-D2E07DB8E0A3}.Debug|Any CPU.ActiveCfg = Debug|Any CPU
		{FB94084C-6704-433C-B1C1-D2E07DB8E0A3}.Debug|Any CPU.Build.0 = Debug|Any CPU
		{FB94084C-6704-433C-B1C1-D2E07DB8E0A3}.Release|Any CPU.ActiveCfg = Release|Any CPU
		{FB94084C-6704-433C-B1C1-D2E07DB8E0A3}.Release|Any CPU.Build.0 = Release|Any CPU
		{22CBEE76-A8A6-433B-B663-5B897864DB35}.Debug|Any CPU.ActiveCfg = Debug|Any CPU
		{22CBEE76-A8A6-433B-B663-5B897864DB35}.Debug|Any CPU.Build.0 = Debug|Any CPU
		{22CBEE76-A8A6-433B-B663-5B897864DB35}.Release|Any CPU.ActiveCfg = Release|Any CPU
		{22CBEE76-A8A6-433B-B663-5B897864DB35}.Release|Any CPU.Build.0 = Release|Any CPU
		{CA318E8B-B569-4DBE-BC2C-128AD6AE462F}.Debug|Any CPU.ActiveCfg = Debug|Any CPU
		{CA318E8B-B569-4DBE-BC2C-128AD6AE462F}.Debug|Any CPU.Build.0 = Debug|Any CPU
		{CA318E8B-B569-4DBE-BC2C-128AD6AE462F}.Release|Any CPU.ActiveCfg = Release|Any CPU
		{CA318E8B-B569-4DBE-BC2C-128AD6AE462F}.Release|Any CPU.Build.0 = Release|Any CPU
		{9D51795E-005A-4990-969C-CAF2242D16AE}.Debug|Any CPU.ActiveCfg = Debug|Any CPU
		{9D51795E-005A-4990-969C-CAF2242D16AE}.Debug|Any CPU.Build.0 = Debug|Any CPU
		{9D51795E-005A-4990-969C-CAF2242D16AE}.Release|Any CPU.ActiveCfg = Release|Any CPU
		{9D51795E-005A-4990-969C-CAF2242D16AE}.Release|Any CPU.Build.0 = Release|Any CPU
		{A2B7D037-FB01-44A8-8DE1-710625A61048}.Debug|Any CPU.ActiveCfg = Debug|Any CPU
		{A2B7D037-FB01-44A8-8DE1-710625A61048}.Debug|Any CPU.Build.0 = Debug|Any CPU
		{A2B7D037-FB01-44A8-8DE1-710625A61048}.Release|Any CPU.ActiveCfg = Release|Any CPU
		{A2B7D037-FB01-44A8-8DE1-710625A61048}.Release|Any CPU.Build.0 = Release|Any CPU
		{3A29AB19-84AE-45FD-9B31-452B4C45896B}.Debug|Any CPU.ActiveCfg = Debug|Any CPU
		{3A29AB19-84AE-45FD-9B31-452B4C45896B}.Debug|Any CPU.Build.0 = Debug|Any CPU
		{3A29AB19-84AE-45FD-9B31-452B4C45896B}.Release|Any CPU.ActiveCfg = Release|Any CPU
		{3A29AB19-84AE-45FD-9B31-452B4C45896B}.Release|Any CPU.Build.0 = Release|Any CPU
	EndGlobalSection
	GlobalSection(SolutionProperties) = preSolution
		HideSolutionNode = FALSE
	EndGlobalSection
	GlobalSection(ExtensibilityGlobals) = postSolution
		SolutionGuid = {B9096596-9A5D-4C67-898A-C9D1A651881D}
	EndGlobalSection
EndGlobal
