
Microsoft Visual Studio Solution File, Format Version 12.00
# Visual Studio Version 17
VisualStudioVersion = 17.8.34408.163
MinimumVisualStudioVersion = 10.0.40219.1
Project("{9A19103F-16F7-4668-BE54-9A1E7A4F7556}") = "EasyReasy", "EasyReasy\EasyReasy.csproj", "{067D7CE5-57AE-4A6C-9285-A89F6871D203}"
EndProject
Project("{9A19103F-16F7-4668-BE54-9A1E7A4F7556}") = "EasyReasy.Tests", "EasyReasy.Tests\EasyReasy.Tests.csproj", "{93AEF8D3-0B68-44D9-9418-CB7DFB0F7482}"
EndProject
Project("{9A19103F-16F7-4668-BE54-9A1E7A4F7556}") = "EasyReasy.ByteShelfProvider", "EasyReasy.ByteShelfProvider\EasyReasy.ByteShelfProvider.csproj", "{A034A38E-521A-4B8A-92A1-E301FA5D8C4C}"
EndProject
Project("{9A19103F-16F7-4668-BE54-9A1E7A4F7556}") = "EasyReasy.ByteShelfProvider.Tests", "EasyReasy.ByteShelfProvider.Tests\EasyReasy.ByteShelfProvider.Tests.csproj", "{A0DFA467-4985-485B-A2F9-FB6D70AA8258}"
EndProject
Project("{9A19103F-16F7-4668-BE54-9A1E7A4F7556}") = "EasyReasy.EnvironmentVariables", "EasyReasy.EnvironmentVariables\EasyReasy.EnvironmentVariables.csproj", "{AAD31B7E-29BD-42A5-B12D-83E9CCBEC7F2}"
EndProject
Project("{9A19103F-16F7-4668-BE54-9A1E7A4F7556}") = "EasyReasy.EnvironmentVariables.Tests", "EasyReasy.EnvironmentVariables.Tests\EasyReasy.EnvironmentVariables.Tests.csproj", "{B196BD11-36E6-4AC3-93EB-A371C27F182E}"
EndProject
Project("{9A19103F-16F7-4668-BE54-9A1E7A4F7556}") = "EasyReasy.Auth", "EasyReasy.Auth\EasyReasy.Auth.csproj", "{259F020F-8E6A-490C-8A89-023E85B9B986}"
EndProject
Project("{9A19103F-16F7-4668-BE54-9A1E7A4F7556}") = "EasyReasy.Auth.Tests", "EasyReasy.Auth.Tests\EasyReasy.Auth.Tests.csproj", "{8F761197-B6E7-4118-8469-FBFC9487A658}"
EndProject
Global
	GlobalSection(SolutionConfigurationPlatforms) = preSolution
		Debug|Any CPU = Debug|Any CPU
		Release|Any CPU = Release|Any CPU
	EndGlobalSection
	GlobalSection(ProjectConfigurationPlatforms) = postSolution
		{067D7CE5-57AE-4A6C-9285-A89F6871D203}.Debug|Any CPU.ActiveCfg = Debug|Any CPU
		{067D7CE5-57AE-4A6C-9285-A89F6871D203}.Debug|Any CPU.Build.0 = Debug|Any CPU
		{067D7CE5-57AE-4A6C-9285-A89F6871D203}.Release|Any CPU.ActiveCfg = Release|Any CPU
		{067D7CE5-57AE-4A6C-9285-A89F6871D203}.Release|Any CPU.Build.0 = Release|Any CPU
		{93AEF8D3-0B68-44D9-9418-CB7DFB0F7482}.Debug|Any CPU.ActiveCfg = Debug|Any CPU
		{93AEF8D3-0B68-44D9-9418-CB7DFB0F7482}.Debug|Any CPU.Build.0 = Debug|Any CPU
		{93AEF8D3-0B68-44D9-9418-CB7DFB0F7482}.Release|Any CPU.ActiveCfg = Release|Any CPU
		{93AEF8D3-0B68-44D9-9418-CB7DFB0F7482}.Release|Any CPU.Build.0 = Release|Any CPU
		{A034A38E-521A-4B8A-92A1-E301FA5D8C4C}.Debug|Any CPU.ActiveCfg = Debug|Any CPU
		{A034A38E-521A-4B8A-92A1-E301FA5D8C4C}.Debug|Any CPU.Build.0 = Debug|Any CPU
		{A034A38E-521A-4B8A-92A1-E301FA5D8C4C}.Release|Any CPU.ActiveCfg = Release|Any CPU
		{A034A38E-521A-4B8A-92A1-E301FA5D8C4C}.Release|Any CPU.Build.0 = Release|Any CPU
		{A0DFA467-4985-485B-A2F9-FB6D70AA8258}.Debug|Any CPU.ActiveCfg = Debug|Any CPU
		{A0DFA467-4985-485B-A2F9-FB6D70AA8258}.Debug|Any CPU.Build.0 = Debug|Any CPU
		{A0DFA467-4985-485B-A2F9-FB6D70AA8258}.Release|Any CPU.ActiveCfg = Release|Any CPU
		{A0DFA467-4985-485B-A2F9-FB6D70AA8258}.Release|Any CPU.Build.0 = Release|Any CPU
		{AAD31B7E-29BD-42A5-B12D-83E9CCBEC7F2}.Debug|Any CPU.ActiveCfg = Debug|Any CPU
		{AAD31B7E-29BD-42A5-B12D-83E9CCBEC7F2}.Debug|Any CPU.Build.0 = Debug|Any CPU
		{AAD31B7E-29BD-42A5-B12D-83E9CCBEC7F2}.Release|Any CPU.ActiveCfg = Release|Any CPU
		{AAD31B7E-29BD-42A5-B12D-83E9CCBEC7F2}.Release|Any CPU.Build.0 = Release|Any CPU
		{B196BD11-36E6-4AC3-93EB-A371C27F182E}.Debug|Any CPU.ActiveCfg = Debug|Any CPU
		{B196BD11-36E6-4AC3-93EB-A371C27F182E}.Debug|Any CPU.Build.0 = Debug|Any CPU
		{B196BD11-36E6-4AC3-93EB-A371C27F182E}.Release|Any CPU.ActiveCfg = Release|Any CPU
		{B196BD11-36E6-4AC3-93EB-A371C27F182E}.Release|Any CPU.Build.0 = Release|Any CPU
		{259F020F-8E6A-490C-8A89-023E85B9B986}.Debug|Any CPU.ActiveCfg = Debug|Any CPU
		{259F020F-8E6A-490C-8A89-023E85B9B986}.Debug|Any CPU.Build.0 = Debug|Any CPU
		{259F020F-8E6A-490C-8A89-023E85B9B986}.Release|Any CPU.ActiveCfg = Release|Any CPU
		{259F020F-8E6A-490C-8A89-023E85B9B986}.Release|Any CPU.Build.0 = Release|Any CPU
		{8F761197-B6E7-4118-8469-FBFC9487A658}.Debug|Any CPU.ActiveCfg = Debug|Any CPU
		{8F761197-B6E7-4118-8469-FBFC9487A658}.Debug|Any CPU.Build.0 = Debug|Any CPU
		{8F761197-B6E7-4118-8469-FBFC9487A658}.Release|Any CPU.ActiveCfg = Release|Any CPU
		{8F761197-B6E7-4118-8469-FBFC9487A658}.Release|Any CPU.Build.0 = Release|Any CPU
	EndGlobalSection
	GlobalSection(SolutionProperties) = preSolution
		HideSolutionNode = FALSE
	EndGlobalSection
	GlobalSection(ExtensibilityGlobals) = postSolution
		SolutionGuid = {B9096596-9A5D-4C67-898A-C9D1A651881D}
	EndGlobalSection
EndGlobal
